// !$*UTF8*$!
{
	archiveVersion = 1;
	classes = {
	};
	objectVersion = 46;
	objects = {

/* Begin PBXBuildFile section */
		1E1FA8C01A102788005FB8F0 /* main.m in Sources */ = {isa = PBXBuildFile; fileRef = 1E1FA8BF1A102788005FB8F0 /* main.m */; };
		1E1FA8C31A102788005FB8F0 /* AppDelegate.m in Sources */ = {isa = PBXBuildFile; fileRef = 1E1FA8C21A102788005FB8F0 /* AppDelegate.m */; };
		1E1FA8C91A102788005FB8F0 /* Main.storyboard in Resources */ = {isa = PBXBuildFile; fileRef = 1E1FA8C71A102788005FB8F0 /* Main.storyboard */; };
		1E1FA8CB1A102788005FB8F0 /* Images.xcassets in Resources */ = {isa = PBXBuildFile; fileRef = 1E1FA8CA1A102788005FB8F0 /* Images.xcassets */; };
		1E1FA8CE1A102788005FB8F0 /* LaunchScreen.xib in Resources */ = {isa = PBXBuildFile; fileRef = 1E1FA8CC1A102788005FB8F0 /* LaunchScreen.xib */; };
		1E1FA8DA1A102789005FB8F0 /* PrySliderNavigationTests.m in Sources */ = {isa = PBXBuildFile; fileRef = 1E1FA8D91A102789005FB8F0 /* PrySliderNavigationTests.m */; };
		1E1FA8E61A102A5D005FB8F0 /* SWRevealViewController.m in Sources */ = {isa = PBXBuildFile; fileRef = 1E1FA8E51A102A5D005FB8F0 /* SWRevealViewController.m */; };
		1E1FA8E91A102A9D005FB8F0 /* MenuIzqVC.m in Sources */ = {isa = PBXBuildFile; fileRef = 1E1FA8E81A102A9D005FB8F0 /* MenuIzqVC.m */; };
		1E1FA8EC1A102AB6005FB8F0 /* MenuDerVC.m in Sources */ = {isa = PBXBuildFile; fileRef = 1E1FA8EB1A102AB6005FB8F0 /* MenuDerVC.m */; };
		1E1FA8EF1A102ADC005FB8F0 /* PrincipalVC.m in Sources */ = {isa = PBXBuildFile; fileRef = 1E1FA8EE1A102ADC005FB8F0 /* PrincipalVC.m */; };
		1E1FA8F21A102AF8005FB8F0 /* Vista02Izq.m in Sources */ = {isa = PBXBuildFile; fileRef = 1E1FA8F11A102AF8005FB8F0 /* Vista02Izq.m */; };
		1E1FA8F51A102B09005FB8F0 /* Vista02Der.m in Sources */ = {isa = PBXBuildFile; fileRef = 1E1FA8F41A102B09005FB8F0 /* Vista02Der.m */; };
/* End PBXBuildFile section */

/* Begin PBXContainerItemProxy section */
		1E1FA8D41A102789005FB8F0 /* PBXContainerItemProxy */ = {
			isa = PBXContainerItemProxy;
			containerPortal = 1E1FA8B21A102788005FB8F0 /* Project object */;
			proxyType = 1;
			remoteGlobalIDString = 1E1FA8B91A102788005FB8F0;
			remoteInfo = PrySliderNavigation;
		};
/* End PBXContainerItemProxy section */

/* Begin PBXFileReference section */
		1E1FA8BA1A102788005FB8F0 /* PrySliderNavigation.app */ = {isa = PBXFileReference; explicitFileType = wrapper.application; includeInIndex = 0; path = PrySliderNavigation.app; sourceTree = BUILT_PRODUCTS_DIR; };
		1E1FA8BE1A102788005FB8F0 /* Info.plist */ = {isa = PBXFileReference; lastKnownFileType = text.plist.xml; path = Info.plist; sourceTree = "<group>"; };
		1E1FA8BF1A102788005FB8F0 /* main.m */ = {isa = PBXFileReference; lastKnownFileType = sourcecode.c.objc; path = main.m; sourceTree = "<group>"; };
		1E1FA8C11A102788005FB8F0 /* AppDelegate.h */ = {isa = PBXFileReference; lastKnownFileType = sourcecode.c.h; path = AppDelegate.h; sourceTree = "<group>"; };
		1E1FA8C21A102788005FB8F0 /* AppDelegate.m */ = {isa = PBXFileReference; lastKnownFileType = sourcecode.c.objc; path = AppDelegate.m; sourceTree = "<group>"; };
		1E1FA8C81A102788005FB8F0 /* Base */ = {isa = PBXFileReference; lastKnownFileType = file.storyboard; name = Base; path = Base.lproj/Main.storyboard; sourceTree = "<group>"; };
		1E1FA8CA1A102788005FB8F0 /* Images.xcassets */ = {isa = PBXFileReference; lastKnownFileType = folder.assetcatalog; path = Images.xcassets; sourceTree = "<group>"; };
		1E1FA8CD1A102788005FB8F0 /* Base */ = {isa = PBXFileReference; lastKnownFileType = file.xib; name = Base; path = Base.lproj/LaunchScreen.xib; sourceTree = "<group>"; };
		1E1FA8D31A102789005FB8F0 /* PrySliderNavigationTests.xctest */ = {isa = PBXFileReference; explicitFileType = wrapper.cfbundle; includeInIndex = 0; path = PrySliderNavigationTests.xctest; sourceTree = BUILT_PRODUCTS_DIR; };
		1E1FA8D81A102789005FB8F0 /* Info.plist */ = {isa = PBXFileReference; lastKnownFileType = text.plist.xml; path = Info.plist; sourceTree = "<group>"; };
		1E1FA8D91A102789005FB8F0 /* PrySliderNavigationTests.m */ = {isa = PBXFileReference; lastKnownFileType = sourcecode.c.objc; path = PrySliderNavigationTests.m; sourceTree = "<group>"; };
		1E1FA8E41A102A5D005FB8F0 /* SWRevealViewController.h */ = {isa = PBXFileReference; fileEncoding = 4; lastKnownFileType = sourcecode.c.h; path = SWRevealViewController.h; sourceTree = "<group>"; };
		1E1FA8E51A102A5D005FB8F0 /* SWRevealViewController.m */ = {isa = PBXFileReference; fileEncoding = 4; lastKnownFileType = sourcecode.c.objc; path = SWRevealViewController.m; sourceTree = "<group>"; };
		1E1FA8E71A102A9D005FB8F0 /* MenuIzqVC.h */ = {isa = PBXFileReference; fileEncoding = 4; lastKnownFileType = sourcecode.c.h; path = MenuIzqVC.h; sourceTree = "<group>"; };
		1E1FA8E81A102A9D005FB8F0 /* MenuIzqVC.m */ = {isa = PBXFileReference; fileEncoding = 4; lastKnownFileType = sourcecode.c.objc; path = MenuIzqVC.m; sourceTree = "<group>"; };
		1E1FA8EA1A102AB6005FB8F0 /* MenuDerVC.h */ = {isa = PBXFileReference; fileEncoding = 4; lastKnownFileType = sourcecode.c.h; path = MenuDerVC.h; sourceTree = "<group>"; };
		1E1FA8EB1A102AB6005FB8F0 /* MenuDerVC.m */ = {isa = PBXFileReference; fileEncoding = 4; lastKnownFileType = sourcecode.c.objc; path = MenuDerVC.m; sourceTree = "<group>"; };
		1E1FA8ED1A102ADC005FB8F0 /* PrincipalVC.h */ = {isa = PBXFileReference; fileEncoding = 4; lastKnownFileType = sourcecode.c.h; path = PrincipalVC.h; sourceTree = "<group>"; };
		1E1FA8EE1A102ADC005FB8F0 /* PrincipalVC.m */ = {isa = PBXFileReference; fileEncoding = 4; lastKnownFileType = sourcecode.c.objc; path = PrincipalVC.m; sourceTree = "<group>"; };
		1E1FA8F01A102AF8005FB8F0 /* Vista02Izq.h */ = {isa = PBXFileReference; fileEncoding = 4; lastKnownFileType = sourcecode.c.h; path = Vista02Izq.h; sourceTree = "<group>"; };
		1E1FA8F11A102AF8005FB8F0 /* Vista02Izq.m */ = {isa = PBXFileReference; fileEncoding = 4; lastKnownFileType = sourcecode.c.objc; path = Vista02Izq.m; sourceTree = "<group>"; };
		1E1FA8F31A102B09005FB8F0 /* Vista02Der.h */ = {isa = PBXFileReference; fileEncoding = 4; lastKnownFileType = sourcecode.c.h; path = Vista02Der.h; sourceTree = "<group>"; };
		1E1FA8F41A102B09005FB8F0 /* Vista02Der.m */ = {isa = PBXFileReference; fileEncoding = 4; lastKnownFileType = sourcecode.c.objc; path = Vista02Der.m; sourceTree = "<group>"; };
/* End PBXFileReference section */

/* Begin PBXFrameworksBuildPhase section */
		1E1FA8B71A102788005FB8F0 /* Frameworks */ = {
			isa = PBXFrameworksBuildPhase;
			buildActionMask = 2147483647;
			files = (
			);
			runOnlyForDeploymentPostprocessing = 0;
		};
		1E1FA8D01A102789005FB8F0 /* Frameworks */ = {
			isa = PBXFrameworksBuildPhase;
			buildActionMask = 2147483647;
			files = (
			);
			runOnlyForDeploymentPostprocessing = 0;
		};
/* End PBXFrameworksBuildPhase section */

/* Begin PBXGroup section */
		1E1FA8B11A102788005FB8F0 = {
			isa = PBXGroup;
			children = (
				1E1FA8BC1A102788005FB8F0 /* PrySliderNavigation */,
				1E1FA8D61A102789005FB8F0 /* PrySliderNavigationTests */,
				1E1FA8BB1A102788005FB8F0 /* Products */,
			);
			sourceTree = "<group>";
		};
		1E1FA8BB1A102788005FB8F0 /* Products */ = {
			isa = PBXGroup;
			children = (
				1E1FA8BA1A102788005FB8F0 /* PrySliderNavigation.app */,
				1E1FA8D31A102789005FB8F0 /* PrySliderNavigationTests.xctest */,
			);
			name = Products;
			sourceTree = "<group>";
		};
		1E1FA8BC1A102788005FB8F0 /* PrySliderNavigation */ = {
			isa = PBXGroup;
			children = (
				1E1FA8E31A102A53005FB8F0 /* Libreria */,
				1E1FA8C11A102788005FB8F0 /* AppDelegate.h */,
				1E1FA8C21A102788005FB8F0 /* AppDelegate.m */,
				1E1FA8C71A102788005FB8F0 /* Main.storyboard */,
				1E1FA8CA1A102788005FB8F0 /* Images.xcassets */,
				1E1FA8CC1A102788005FB8F0 /* LaunchScreen.xib */,
				1E1FA8BD1A102788005FB8F0 /* Supporting Files */,
				1E1FA8E71A102A9D005FB8F0 /* MenuIzqVC.h */,
				1E1FA8E81A102A9D005FB8F0 /* MenuIzqVC.m */,
				1E1FA8EA1A102AB6005FB8F0 /* MenuDerVC.h */,
				1E1FA8EB1A102AB6005FB8F0 /* MenuDerVC.m */,
				1E1FA8ED1A102ADC005FB8F0 /* PrincipalVC.h */,
				1E1FA8EE1A102ADC005FB8F0 /* PrincipalVC.m */,
				1E1FA8F01A102AF8005FB8F0 /* Vista02Izq.h */,
				1E1FA8F11A102AF8005FB8F0 /* Vista02Izq.m */,
				1E1FA8F31A102B09005FB8F0 /* Vista02Der.h */,
				1E1FA8F41A102B09005FB8F0 /* Vista02Der.m */,
			);
			path = PrySliderNavigation;
			sourceTree = "<group>";
		};
		1E1FA8BD1A102788005FB8F0 /* Supporting Files */ = {
			isa = PBXGroup;
			children = (
				1E1FA8BE1A102788005FB8F0 /* Info.plist */,
				1E1FA8BF1A102788005FB8F0 /* main.m */,
			);
			name = "Supporting Files";
			sourceTree = "<group>";
		};
		1E1FA8D61A102789005FB8F0 /* PrySliderNavigationTests */ = {
			isa = PBXGroup;
			children = (
				1E1FA8D91A102789005FB8F0 /* PrySliderNavigationTests.m */,
				1E1FA8D71A102789005FB8F0 /* Supporting Files */,
			);
			path = PrySliderNavigationTests;
			sourceTree = "<group>";
		};
		1E1FA8D71A102789005FB8F0 /* Supporting Files */ = {
			isa = PBXGroup;
			children = (
				1E1FA8D81A102789005FB8F0 /* Info.plist */,
			);
			name = "Supporting Files";
			sourceTree = "<group>";
		};
		1E1FA8E31A102A53005FB8F0 /* Libreria */ = {
			isa = PBXGroup;
			children = (
				1E1FA8E41A102A5D005FB8F0 /* SWRevealViewController.h */,
				1E1FA8E51A102A5D005FB8F0 /* SWRevealViewController.m */,
			);
			name = Libreria;
			sourceTree = "<group>";
		};
/* End PBXGroup section */

/* Begin PBXNativeTarget section */
		1E1FA8B91A102788005FB8F0 /* PrySliderNavigation */ = {
			isa = PBXNativeTarget;
			buildConfigurationList = 1E1FA8DD1A102789005FB8F0 /* Build configuration list for PBXNativeTarget "PrySliderNavigation" */;
			buildPhases = (
				1E1FA8B61A102788005FB8F0 /* Sources */,
				1E1FA8B71A102788005FB8F0 /* Frameworks */,
				1E1FA8B81A102788005FB8F0 /* Resources */,
			);
			buildRules = (
			);
			dependencies = (
			);
			name = PrySliderNavigation;
			productName = PrySliderNavigation;
			productReference = 1E1FA8BA1A102788005FB8F0 /* PrySliderNavigation.app */;
			productType = "com.apple.product-type.application";
		};
		1E1FA8D21A102789005FB8F0 /* PrySliderNavigationTests */ = {
			isa = PBXNativeTarget;
			buildConfigurationList = 1E1FA8E01A102789005FB8F0 /* Build configuration list for PBXNativeTarget "PrySliderNavigationTests" */;
			buildPhases = (
				1E1FA8CF1A102789005FB8F0 /* Sources */,
				1E1FA8D01A102789005FB8F0 /* Frameworks */,
				1E1FA8D11A102789005FB8F0 /* Resources */,
			);
			buildRules = (
			);
			dependencies = (
				1E1FA8D51A102789005FB8F0 /* PBXTargetDependency */,
			);
			name = PrySliderNavigationTests;
			productName = PrySliderNavigationTests;
			productReference = 1E1FA8D31A102789005FB8F0 /* PrySliderNavigationTests.xctest */;
			productType = "com.apple.product-type.bundle.unit-test";
		};
/* End PBXNativeTarget section */

/* Begin PBXProject section */
		1E1FA8B21A102788005FB8F0 /* Project object */ = {
			isa = PBXProject;
			attributes = {
				LastUpgradeCheck = 0610;
				ORGANIZATIONNAME = Apps4s;
				TargetAttributes = {
					1E1FA8B91A102788005FB8F0 = {
						CreatedOnToolsVersion = 6.1;
					};
					1E1FA8D21A102789005FB8F0 = {
						CreatedOnToolsVersion = 6.1;
						TestTargetID = 1E1FA8B91A102788005FB8F0;
					};
				};
			};
			buildConfigurationList = 1E1FA8B51A102788005FB8F0 /* Build configuration list for PBXProject "PrySliderNavigation" */;
			compatibilityVersion = "Xcode 3.2";
			developmentRegion = English;
			hasScannedForEncodings = 0;
			knownRegions = (
				en,
				Base,
			);
			mainGroup = 1E1FA8B11A102788005FB8F0;
			productRefGroup = 1E1FA8BB1A102788005FB8F0 /* Products */;
			projectDirPath = "";
			projectRoot = "";
			targets = (
				1E1FA8B91A102788005FB8F0 /* PrySliderNavigation */,
				1E1FA8D21A102789005FB8F0 /* PrySliderNavigationTests */,
			);
		};
/* End PBXProject section */

/* Begin PBXResourcesBuildPhase section */
		1E1FA8B81A102788005FB8F0 /* Resources */ = {
			isa = PBXResourcesBuildPhase;
			buildActionMask = 2147483647;
			files = (
				1E1FA8C91A102788005FB8F0 /* Main.storyboard in Resources */,
				1E1FA8CE1A102788005FB8F0 /* LaunchScreen.xib in Resources */,
				1E1FA8CB1A102788005FB8F0 /* Images.xcassets in Resources */,
			);
			runOnlyForDeploymentPostprocessing = 0;
		};
		1E1FA8D11A102789005FB8F0 /* Resources */ = {
			isa = PBXResourcesBuildPhase;
			buildActionMask = 2147483647;
			files = (
			);
			runOnlyForDeploymentPostprocessing = 0;
		};
/* End PBXResourcesBuildPhase section */

/* Begin PBXSourcesBuildPhase section */
		1E1FA8B61A102788005FB8F0 /* Sources */ = {
			isa = PBXSourcesBuildPhase;
			buildActionMask = 2147483647;
			files = (
				1E1FA8EC1A102AB6005FB8F0 /* MenuDerVC.m in Sources */,
				1E1FA8EF1A102ADC005FB8F0 /* PrincipalVC.m in Sources */,
				1E1FA8C31A102788005FB8F0 /* AppDelegate.m in Sources */,
				1E1FA8F51A102B09005FB8F0 /* Vista02Der.m in Sources */,
				1E1FA8F21A102AF8005FB8F0 /* Vista02Izq.m in Sources */,
				1E1FA8E91A102A9D005FB8F0 /* MenuIzqVC.m in Sources */,
				1E1FA8C01A102788005FB8F0 /* main.m in Sources */,
				1E1FA8E61A102A5D005FB8F0 /* SWRevealViewController.m in Sources */,
			);
			runOnlyForDeploymentPostprocessing = 0;
		};
		1E1FA8CF1A102789005FB8F0 /* Sources */ = {
			isa = PBXSourcesBuildPhase;
			buildActionMask = 2147483647;
			files = (
				1E1FA8DA1A102789005FB8F0 /* PrySliderNavigationTests.m in Sources */,
			);
			runOnlyForDeploymentPostprocessing = 0;
		};
/* End PBXSourcesBuildPhase section */

/* Begin PBXTargetDependency section */
		1E1FA8D51A102789005FB8F0 /* PBXTargetDependency */ = {
			isa = PBXTargetDependency;
			target = 1E1FA8B91A102788005FB8F0 /* PrySliderNavigation */;
			targetProxy = 1E1FA8D41A102789005FB8F0 /* PBXContainerItemProxy */;
		};
/* End PBXTargetDependency section */

/* Begin PBXVariantGroup section */
		1E1FA8C71A102788005FB8F0 /* Main.storyboard */ = {
			isa = PBXVariantGroup;
			children = (
				1E1FA8C81A102788005FB8F0 /* Base */,
			);
			name = Main.storyboard;
			sourceTree = "<group>";
		};
		1E1FA8CC1A102788005FB8F0 /* LaunchScreen.xib */ = {
			isa = PBXVariantGroup;
			children = (
				1E1FA8CD1A102788005FB8F0 /* Base */,
			);
			name = LaunchScreen.xib;
			sourceTree = "<group>";
		};
/* End PBXVariantGroup section */

/* Begin XCBuildConfiguration section */
		1E1FA8DB1A102789005FB8F0 /* Debug */ = {
			isa = XCBuildConfiguration;
			buildSettings = {
				ALWAYS_SEARCH_USER_PATHS = NO;
				CLANG_CXX_LANGUAGE_STANDARD = "gnu++0x";
				CLANG_CXX_LIBRARY = "libc++";
				CLANG_ENABLE_MODULES = YES;
				CLANG_ENABLE_OBJC_ARC = YES;
				CLANG_WARN_BOOL_CONVERSION = YES;
				CLANG_WARN_CONSTANT_CONVERSION = YES;
				CLANG_WARN_DIRECT_OBJC_ISA_USAGE = YES_ERROR;
				CLANG_WARN_EMPTY_BODY = YES;
				CLANG_WARN_ENUM_CONVERSION = YES;
				CLANG_WARN_INT_CONVERSION = YES;
				CLANG_WARN_OBJC_ROOT_CLASS = YES_ERROR;
				CLANG_WARN_UNREACHABLE_CODE = YES;
				CLANG_WARN__DUPLICATE_METHOD_MATCH = YES;
				"CODE_SIGN_IDENTITY[sdk=iphoneos*]" = "iPhone Developer";
				COPY_PHASE_STRIP = NO;
				ENABLE_STRICT_OBJC_MSGSEND = YES;
				GCC_C_LANGUAGE_STANDARD = gnu99;
				GCC_DYNAMIC_NO_PIC = NO;
				GCC_OPTIMIZATION_LEVEL = 0;
				GCC_PREPROCESSOR_DEFINITIONS = (
					"DEBUG=1",
					"$(inherited)",
				);
				GCC_SYMBOLS_PRIVATE_EXTERN = NO;
				GCC_WARN_64_TO_32_BIT_CONVERSION = YES;
				GCC_WARN_ABOUT_RETURN_TYPE = YES_ERROR;
				GCC_WARN_UNDECLARED_SELECTOR = YES;
				GCC_WARN_UNINITIALIZED_AUTOS = YES_AGGRESSIVE;
				GCC_WARN_UNUSED_FUNCTION = YES;
				GCC_WARN_UNUSED_VARIABLE = YES;
				IPHONEOS_DEPLOYMENT_TARGET = 8.1;
				MTL_ENABLE_DEBUG_INFO = YES;
				ONLY_ACTIVE_ARCH = YES;
				SDKROOT = iphoneos;
			};
			name = Debug;
		};
		1E1FA8DC1A102789005FB8F0 /* Release */ = {
			isa = XCBuildConfiguration;
			buildSettings = {
				ALWAYS_SEARCH_USER_PATHS = NO;
				CLANG_CXX_LANGUAGE_STANDARD = "gnu++0x";
				CLANG_CXX_LIBRARY = "libc++";
				CLANG_ENABLE_MODULES = YES;
				CLANG_ENABLE_OBJC_ARC = YES;
				CLANG_WARN_BOOL_CONVERSION = YES;
				CLANG_WARN_CONSTANT_CONVERSION = YES;
				CLANG_WARN_DIRECT_OBJC_ISA_USAGE = YES_ERROR;
				CLANG_WARN_EMPTY_BODY = YES;
				CLANG_WARN_ENUM_CONVERSION = YES;
				CLANG_WARN_INT_CONVERSION = YES;
				CLANG_WARN_OBJC_ROOT_CLASS = YES_ERROR;
				CLANG_WARN_UNREACHABLE_CODE = YES;
				CLANG_WARN__DUPLICATE_METHOD_MATCH = YES;
				"CODE_SIGN_IDENTITY[sdk=iphoneos*]" = "iPhone Developer";
				COPY_PHASE_STRIP = YES;
				ENABLE_NS_ASSERTIONS = NO;
				ENABLE_STRICT_OBJC_MSGSEND = YES;
				GCC_C_LANGUAGE_STANDARD = gnu99;
				GCC_WARN_64_TO_32_BIT_CONVERSION = YES;
				GCC_WARN_ABOUT_RETURN_TYPE = YES_ERROR;
				GCC_WARN_UNDECLARED_SELECTOR = YES;
				GCC_WARN_UNINITIALIZED_AUTOS = YES_AGGRESSIVE;
				GCC_WARN_UNUSED_FUNCTION = YES;
				GCC_WARN_UNUSED_VARIABLE = YES;
				IPHONEOS_DEPLOYMENT_TARGET = 8.1;
				MTL_ENABLE_DEBUG_INFO = NO;
				SDKROOT = iphoneos;
				VALIDATE_PRODUCT = YES;
			};
			name = Release;
		};
		1E1FA8DE1A102789005FB8F0 /* Debug */ = {
			isa = XCBuildConfiguration;
			buildSettings = {
				ASSETCATALOG_COMPILER_APPICON_NAME = AppIcon;
				INFOPLIST_FILE = PrySliderNavigation/Info.plist;
				LD_RUNPATH_SEARCH_PATHS = "$(inherited) @executable_path/Frameworks";
				PRODUCT_NAME = "$(TARGET_NAME)";
			};
			name = Debug;
		};
		1E1FA8DF1A102789005FB8F0 /* Release */ = {
			isa = XCBuildConfiguration;
			buildSettings = {
				ASSETCATALOG_COMPILER_APPICON_NAME = AppIcon;
				INFOPLIST_FILE = PrySliderNavigation/Info.plist;
				LD_RUNPATH_SEARCH_PATHS = "$(inherited) @executable_path/Frameworks";
				PRODUCT_NAME = "$(TARGET_NAME)";
			};
			name = Release;
		};
		1E1FA8E11A102789005FB8F0 /* Debug */ = {
			isa = XCBuildConfiguration;
			buildSettings = {
				BUNDLE_LOADER = "$(TEST_HOST)";
				FRAMEWORK_SEARCH_PATHS = (
					"$(SDKROOT)/Developer/Library/Frameworks",
					"$(inherited)",
				);
				GCC_PREPROCESSOR_DEFINITIONS = (
					"DEBUG=1",
					"$(inherited)",
				);
				INFOPLIST_FILE = PrySliderNavigationTests/Info.plist;
				LD_RUNPATH_SEARCH_PATHS = "$(inherited) @executable_path/Frameworks @loader_path/Frameworks";
				PRODUCT_NAME = "$(TARGET_NAME)";
				TEST_HOST = "$(BUILT_PRODUCTS_DIR)/PrySliderNavigation.app/PrySliderNavigation";
			};
			name = Debug;
		};
		1E1FA8E21A102789005FB8F0 /* Release */ = {
			isa = XCBuildConfiguration;
			buildSettings = {
				BUNDLE_LOADER = "$(TEST_HOST)";
				FRAMEWORK_SEARCH_PATHS = (
					"$(SDKROOT)/Developer/Library/Frameworks",
					"$(inherited)",
				);
				INFOPLIST_FILE = PrySliderNavigationTests/Info.plist;
				LD_RUNPATH_SEARCH_PATHS = "$(inherited) @executable_path/Frameworks @loader_path/Frameworks";
				PRODUCT_NAME = "$(TARGET_NAME)";
				TEST_HOST = "$(BUILT_PRODUCTS_DIR)/PrySliderNavigation.app/PrySliderNavigation";
			};
			name = Release;
		};
/* End XCBuildConfiguration section */

/* Begin XCConfigurationList section */
		1E1FA8B51A102788005FB8F0 /* Build configuration list for PBXProject "PrySliderNavigation" */ = {
			isa = XCConfigurationList;
			buildConfigurations = (
				1E1FA8DB1A102789005FB8F0 /* Debug */,
				1E1FA8DC1A102789005FB8F0 /* Release */,
			);
			defaultConfigurationIsVisible = 0;
			defaultConfigurationName = Release;
		};
		1E1FA8DD1A102789005FB8F0 /* Build configuration list for PBXNativeTarget "PrySliderNavigation" */ = {
			isa = XCConfigurationList;
			buildConfigurations = (
				1E1FA8DE1A102789005FB8F0 /* Debug */,
				1E1FA8DF1A102789005FB8F0 /* Release */,
			);
			defaultConfigurationIsVisible = 0;
		};
		1E1FA8E01A102789005FB8F0 /* Build configuration list for PBXNativeTarget "PrySliderNavigationTests" */ = {
			isa = XCConfigurationList;
			buildConfigurations = (
				1E1FA8E11A102789005FB8F0 /* Debug */,
				1E1FA8E21A102789005FB8F0 /* Release */,
			);
			defaultConfigurationIsVisible = 0;
		};
/* End XCConfigurationList section */
	};
	rootObject = 1E1FA8B21A102788005FB8F0 /* Project object */;
}
